
Microsoft Visual Studio Solution File, Format Version 12.00
# Visual Studio Version 17
VisualStudioVersion = 17.1.32228.430
MinimumVisualStudioVersion = 10.0.40219.1
Project("{FAE04EC0-301F-11D3-BF4B-00C04F79EFBC}") = "WFSIZP4App4", "WFSIZP4App4\WFSIZP4App4.csproj", "{042D4E63-2B8C-40CB-8C17-4F2764A5288F}"
EndProject
Project("{FAE04EC0-301F-11D3-BF4B-00C04F79EFBC}") = "DataGridViewApp", "DataGridView CRUD\DataGridViewApp\DataGridViewApp\DataGridViewApp.csproj", "{5CD4572F-8F80-4B96-B835-4B040B692462}"
EndProject
Project("{FAE04EC0-301F-11D3-BF4B-00C04F79EFBC}") = "WFSIZP5App5", "WFSIZP5App5\WFSIZP5App5.csproj", "{C2241CE7-06AA-4390-A019-7CBB3A0F6DC5}"
EndProject
Project("{FAE04EC0-301F-11D3-BF4B-00C04F79EFBC}") = "PropertyGridExample", "PropertyGridExample-master\PropertyGridExample\PropertyGridExample.csproj", "{E1AF073C-5D4D-4800-8C65-5B8FE81632B3}"
EndProject
Global
	GlobalSection(SolutionConfigurationPlatforms) = preSolution
		Debug|Any CPU = Debug|Any CPU
		Release|Any CPU = Release|Any CPU
	EndGlobalSection
	GlobalSection(ProjectConfigurationPlatforms) = postSolution
		{042D4E63-2B8C-40CB-8C17-4F2764A5288F}.Debug|Any CPU.ActiveCfg = Debug|Any CPU
		{042D4E63-2B8C-40CB-8C17-4F2764A5288F}.Debug|Any CPU.Build.0 = Debug|Any CPU
		{042D4E63-2B8C-40CB-8C17-4F2764A5288F}.Release|Any CPU.ActiveCfg = Release|Any CPU
		{042D4E63-2B8C-40CB-8C17-4F2764A5288F}.Release|Any CPU.Build.0 = Release|Any CPU
		{5CD4572F-8F80-4B96-B835-4B040B692462}.Debug|Any CPU.ActiveCfg = Debug|Any CPU
		{5CD4572F-8F80-4B96-B835-4B040B692462}.Debug|Any CPU.Build.0 = Debug|Any CPU
		{5CD4572F-8F80-4B96-B835-4B040B692462}.Release|Any CPU.ActiveCfg = Release|Any CPU
		{5CD4572F-8F80-4B96-B835-4B040B692462}.Release|Any CPU.Build.0 = Release|Any CPU
		{C2241CE7-06AA-4390-A019-7CBB3A0F6DC5}.Debug|Any CPU.ActiveCfg = Debug|Any CPU
		{C2241CE7-06AA-4390-A019-7CBB3A0F6DC5}.Debug|Any CPU.Build.0 = Debug|Any CPU
		{C2241CE7-06AA-4390-A019-7CBB3A0F6DC5}.Release|Any CPU.ActiveCfg = Release|Any CPU
		{C2241CE7-06AA-4390-A019-7CBB3A0F6DC5}.Release|Any CPU.Build.0 = Release|Any CPU
		{E1AF073C-5D4D-4800-8C65-5B8FE81632B3}.Debug|Any CPU.ActiveCfg = Debug|Any CPU
		{E1AF073C-5D4D-4800-8C65-5B8FE81632B3}.Debug|Any CPU.Build.0 = Debug|Any CPU
		{E1AF073C-5D4D-4800-8C65-5B8FE81632B3}.Release|Any CPU.ActiveCfg = Release|Any CPU
		{E1AF073C-5D4D-4800-8C65-5B8FE81632B3}.Release|Any CPU.Build.0 = Release|Any CPU
	EndGlobalSection
	GlobalSection(SolutionProperties) = preSolution
		HideSolutionNode = FALSE
	EndGlobalSection
	GlobalSection(ExtensibilityGlobals) = postSolution
		SolutionGuid = {726317DF-3246-4978-B0F1-C41725932D7C}
	EndGlobalSection
EndGlobal
